
Microsoft Visual Studio Solution File, Format Version 12.00
# Visual Studio Version 17
VisualStudioVersion = 17.8.34309.116
MinimumVisualStudioVersion = 10.0.40219.1
Project("{FAE04EC0-301F-11D3-BF4B-00C04F79EFBC}") = "Nest", "Nest\Nest.csproj", "{063120F6-DE58-405F-A3A5-20B31045BB08}"
EndProject
Global
	GlobalSection(SolutionConfigurationPlatforms) = preSolution
		Debug|Any CPU = Debug|Any CPU
		Release|Any CPU = Release|Any CPU
	EndGlobalSection
	GlobalSection(ProjectConfigurationPlatforms) = postSolution
		{063120F6-DE58-405F-A3A5-20B31045BB08}.Debug|Any CPU.ActiveCfg = Debug|Any CPU
		{063120F6-DE58-405F-A3A5-20B31045BB08}.Debug|Any CPU.Build.0 = Debug|Any CPU
		{063120F6-DE58-405F-A3A5-20B31045BB08}.Release|Any CPU.ActiveCfg = Release|Any CPU
		{063120F6-DE58-405F-A3A5-20B31045BB08}.Release|Any CPU.Build.0 = Release|Any CPU
	EndGlobalSection
	GlobalSection(SolutionProperties) = preSolution
		HideSolutionNode = FALSE
	EndGlobalSection
	GlobalSection(ExtensibilityGlobals) = postSolution
		SolutionGuid = {5F6C85EC-8F5F-449B-BDAB-8218A6412B8F}
	EndGlobalSection
EndGlobal
